
Microsoft Visual Studio Solution File, Format Version 12.00
# Visual Studio Version 16
VisualStudioVersion = 16.0.33927.289
MinimumVisualStudioVersion = 10.0.40219.1
Project("{FAE04EC0-301F-11D3-BF4B-00C04F79EFBC}") = "HotelManager", "HotelManager.csproj", "{F0074590-6BEF-5125-11BD-BC5EE92AA0C0}"
EndProject
Project("{FAE04EC0-301F-11D3-BF4B-00C04F79EFBC}") = "HotelManager.Tests", "HotelManager.Tests\HotelManager.Tests.csproj", "{79744E9D-4A7A-41FE-ADEF-5E1B0CE2B01F}"
EndProject
Project("{FAE04EC0-301F-11D3-BF4B-00C04F79EFBC}") = "HotelManager.Core", "HotelManager.Core\HotelManager.Core.csproj", "{5341D146-F127-4C05-9EEE-7150148582CF}"
EndProject
Global
	GlobalSection(SolutionConfigurationPlatforms) = preSolution
		Debug|Any CPU = Debug|Any CPU
		Debug|x64 = Debug|x64
		Debug|x86 = Debug|x86
		Release|Any CPU = Release|Any CPU
		Release|x64 = Release|x64
		Release|x86 = Release|x86
	EndGlobalSection
	GlobalSection(ProjectConfigurationPlatforms) = postSolution
		{F0074590-6BEF-5125-11BD-BC5EE92AA0C0}.Debug|Any CPU.ActiveCfg = Debug|Any CPU
		{F0074590-6BEF-5125-11BD-BC5EE92AA0C0}.Debug|Any CPU.Build.0 = Debug|Any CPU
		{F0074590-6BEF-5125-11BD-BC5EE92AA0C0}.Debug|x64.ActiveCfg = Debug|Any CPU
		{F0074590-6BEF-5125-11BD-BC5EE92AA0C0}.Debug|x64.Build.0 = Debug|Any CPU
		{F0074590-6BEF-5125-11BD-BC5EE92AA0C0}.Debug|x86.ActiveCfg = Debug|Any CPU
		{F0074590-6BEF-5125-11BD-BC5EE92AA0C0}.Debug|x86.Build.0 = Debug|Any CPU
		{F0074590-6BEF-5125-11BD-BC5EE92AA0C0}.Release|Any CPU.ActiveCfg = Release|Any CPU
		{F0074590-6BEF-5125-11BD-BC5EE92AA0C0}.Release|Any CPU.Build.0 = Release|Any CPU
		{F0074590-6BEF-5125-11BD-BC5EE92AA0C0}.Release|x64.ActiveCfg = Release|Any CPU
		{F0074590-6BEF-5125-11BD-BC5EE92AA0C0}.Release|x64.Build.0 = Release|Any CPU
		{F0074590-6BEF-5125-11BD-BC5EE92AA0C0}.Release|x86.ActiveCfg = Release|Any CPU
		{F0074590-6BEF-5125-11BD-BC5EE92AA0C0}.Release|x86.Build.0 = Release|Any CPU
		{79744E9D-4A7A-41FE-ADEF-5E1B0CE2B01F}.Debug|Any CPU.ActiveCfg = Debug|Any CPU
		{79744E9D-4A7A-41FE-ADEF-5E1B0CE2B01F}.Debug|Any CPU.Build.0 = Debug|Any CPU
		{79744E9D-4A7A-41FE-ADEF-5E1B0CE2B01F}.Debug|x64.ActiveCfg = Debug|Any CPU
		{79744E9D-4A7A-41FE-ADEF-5E1B0CE2B01F}.Debug|x64.Build.0 = Debug|Any CPU
		{79744E9D-4A7A-41FE-ADEF-5E1B0CE2B01F}.Debug|x86.ActiveCfg = Debug|Any CPU
		{79744E9D-4A7A-41FE-ADEF-5E1B0CE2B01F}.Debug|x86.Build.0 = Debug|Any CPU
		{79744E9D-4A7A-41FE-ADEF-5E1B0CE2B01F}.Release|Any CPU.ActiveCfg = Release|Any CPU
		{79744E9D-4A7A-41FE-ADEF-5E1B0CE2B01F}.Release|Any CPU.Build.0 = Release|Any CPU
		{79744E9D-4A7A-41FE-ADEF-5E1B0CE2B01F}.Release|x64.ActiveCfg = Release|Any CPU
		{79744E9D-4A7A-41FE-ADEF-5E1B0CE2B01F}.Release|x64.Build.0 = Release|Any CPU
		{79744E9D-4A7A-41FE-ADEF-5E1B0CE2B01F}.Release|x86.ActiveCfg = Release|Any CPU
		{79744E9D-4A7A-41FE-ADEF-5E1B0CE2B01F}.Release|x86.Build.0 = Release|Any CPU
		{5341D146-F127-4C05-9EEE-7150148582CF}.Debug|Any CPU.ActiveCfg = Debug|Any CPU
		{5341D146-F127-4C05-9EEE-7150148582CF}.Debug|Any CPU.Build.0 = Debug|Any CPU
		{5341D146-F127-4C05-9EEE-7150148582CF}.Debug|x64.ActiveCfg = Debug|Any CPU
		{5341D146-F127-4C05-9EEE-7150148582CF}.Debug|x64.Build.0 = Debug|Any CPU
		{5341D146-F127-4C05-9EEE-7150148582CF}.Debug|x86.ActiveCfg = Debug|Any CPU
		{5341D146-F127-4C05-9EEE-7150148582CF}.Debug|x86.Build.0 = Debug|Any CPU
		{5341D146-F127-4C05-9EEE-7150148582CF}.Release|Any CPU.ActiveCfg = Release|Any CPU
		{5341D146-F127-4C05-9EEE-7150148582CF}.Release|Any CPU.Build.0 = Release|Any CPU
		{5341D146-F127-4C05-9EEE-7150148582CF}.Release|x64.ActiveCfg = Release|Any CPU
		{5341D146-F127-4C05-9EEE-7150148582CF}.Release|x64.Build.0 = Release|Any CPU
		{5341D146-F127-4C05-9EEE-7150148582CF}.Release|x86.ActiveCfg = Release|Any CPU
		{5341D146-F127-4C05-9EEE-7150148582CF}.Release|x86.Build.0 = Release|Any CPU
	EndGlobalSection
	GlobalSection(SolutionProperties) = preSolution
		HideSolutionNode = FALSE
	EndGlobalSection
	GlobalSection(ExtensibilityGlobals) = postSolution
		SolutionGuid = {FA74FCBB-351B-4BAD-AC44-4EC0B80E5F96}
	EndGlobalSection
EndGlobal
